
Microsoft Visual Studio Solution File, Format Version 12.00
# Visual Studio Version 16
VisualStudioVersion = 16.0.30907.101
MinimumVisualStudioVersion = 10.0.40219.1
Project("{FAE04EC0-301F-11D3-BF4B-00C04F79EFBC}") = "Problem 3. Periodic Table", "Problem 3. Periodic Table\Problem 3. Periodic Table.csproj", "{768DD33B-D8BD-4D3F-80C5-FECEC39D4DC8}"
EndProject
Global
	GlobalSection(SolutionConfigurationPlatforms) = preSolution
		Debug|Any CPU = Debug|Any CPU
		Release|Any CPU = Release|Any CPU
	EndGlobalSection
	GlobalSection(ProjectConfigurationPlatforms) = postSolution
		{768DD33B-D8BD-4D3F-80C5-FECEC39D4DC8}.Debug|Any CPU.ActiveCfg = Debug|Any CPU
		{768DD33B-D8BD-4D3F-80C5-FECEC39D4DC8}.Debug|Any CPU.Build.0 = Debug|Any CPU
		{768DD33B-D8BD-4D3F-80C5-FECEC39D4DC8}.Release|Any CPU.ActiveCfg = Release|Any CPU
		{768DD33B-D8BD-4D3F-80C5-FECEC39D4DC8}.Release|Any CPU.Build.0 = Release|Any CPU
	EndGlobalSection
	GlobalSection(SolutionProperties) = preSolution
		HideSolutionNode = FALSE
	EndGlobalSection
	GlobalSection(ExtensibilityGlobals) = postSolution
		SolutionGuid = {77093500-58FA-418F-8E4E-44CFC63704B6}
	EndGlobalSection
EndGlobal
