
Microsoft Visual Studio Solution File, Format Version 12.00
# Visual Studio Version 16
VisualStudioVersion = 16.0.30907.101
MinimumVisualStudioVersion = 10.0.40219.1
Project("{FAE04EC0-301F-11D3-BF4B-00C04F79EFBC}") = "Problem 4. Even Times", "Problem 4. Even Times\Problem 4. Even Times.csproj", "{AD823F53-A90B-4985-A400-38151BF1D21E}"
EndProject
Global
	GlobalSection(SolutionConfigurationPlatforms) = preSolution
		Debug|Any CPU = Debug|Any CPU
		Release|Any CPU = Release|Any CPU
	EndGlobalSection
	GlobalSection(ProjectConfigurationPlatforms) = postSolution
		{AD823F53-A90B-4985-A400-38151BF1D21E}.Debug|Any CPU.ActiveCfg = Debug|Any CPU
		{AD823F53-A90B-4985-A400-38151BF1D21E}.Debug|Any CPU.Build.0 = Debug|Any CPU
		{AD823F53-A90B-4985-A400-38151BF1D21E}.Release|Any CPU.ActiveCfg = Release|Any CPU
		{AD823F53-A90B-4985-A400-38151BF1D21E}.Release|Any CPU.Build.0 = Release|Any CPU
	EndGlobalSection
	GlobalSection(SolutionProperties) = preSolution
		HideSolutionNode = FALSE
	EndGlobalSection
	GlobalSection(ExtensibilityGlobals) = postSolution
		SolutionGuid = {22A75F20-80B7-45D7-8F34-CA9B15462D83}
	EndGlobalSection
EndGlobal
